
Microsoft Visual Studio Solution File, Format Version 12.00
# Visual Studio Version 17
VisualStudioVersion = 17.4.33103.184
MinimumVisualStudioVersion = 10.0.40219.1
Project("{FAE04EC0-301F-11D3-BF4B-00C04F79EFBC}") = "2022-2_EXERCICIO_03", "2022-2_EXERCICIO_03.csproj", "{66BDCA17-B187-4EFD-8FE8-F33D7A96EA77}"
EndProject
Global
	GlobalSection(SolutionConfigurationPlatforms) = preSolution
		Debug|Any CPU = Debug|Any CPU
		Release|Any CPU = Release|Any CPU
	EndGlobalSection
	GlobalSection(ProjectConfigurationPlatforms) = postSolution
		{66BDCA17-B187-4EFD-8FE8-F33D7A96EA77}.Debug|Any CPU.ActiveCfg = Debug|Any CPU
		{66BDCA17-B187-4EFD-8FE8-F33D7A96EA77}.Debug|Any CPU.Build.0 = Debug|Any CPU
		{66BDCA17-B187-4EFD-8FE8-F33D7A96EA77}.Release|Any CPU.ActiveCfg = Release|Any CPU
		{66BDCA17-B187-4EFD-8FE8-F33D7A96EA77}.Release|Any CPU.Build.0 = Release|Any CPU
	EndGlobalSection
	GlobalSection(SolutionProperties) = preSolution
		HideSolutionNode = FALSE
	EndGlobalSection
	GlobalSection(ExtensibilityGlobals) = postSolution
		SolutionGuid = {CD180862-E461-4091-AA2B-E9732B0E25E5}
	EndGlobalSection
EndGlobal
