
Microsoft Visual Studio Solution File, Format Version 12.00
# Visual Studio Version 17
VisualStudioVersion = 17.7.34221.43
MinimumVisualStudioVersion = 10.0.40219.1
Project("{FAE04EC0-301F-11D3-BF4B-00C04F79EFBC}") = "Avaliacao_de_Algoritmos_2", "Avaliacao_de_Algoritmos_2.csproj", "{D9104024-A961-466F-8E07-91ECBDF39322}"
EndProject
Global
	GlobalSection(SolutionConfigurationPlatforms) = preSolution
		Debug|Any CPU = Debug|Any CPU
		Release|Any CPU = Release|Any CPU
	EndGlobalSection
	GlobalSection(ProjectConfigurationPlatforms) = postSolution
		{D9104024-A961-466F-8E07-91ECBDF39322}.Debug|Any CPU.ActiveCfg = Debug|Any CPU
		{D9104024-A961-466F-8E07-91ECBDF39322}.Debug|Any CPU.Build.0 = Debug|Any CPU
		{D9104024-A961-466F-8E07-91ECBDF39322}.Release|Any CPU.ActiveCfg = Release|Any CPU
		{D9104024-A961-466F-8E07-91ECBDF39322}.Release|Any CPU.Build.0 = Release|Any CPU
	EndGlobalSection
	GlobalSection(SolutionProperties) = preSolution
		HideSolutionNode = FALSE
	EndGlobalSection
	GlobalSection(ExtensibilityGlobals) = postSolution
		SolutionGuid = {F6B354B6-3837-4678-B194-1AD2AF3296DD}
	EndGlobalSection
EndGlobal
