
Microsoft Visual Studio Solution File, Format Version 12.00
# Visual Studio Version 17
VisualStudioVersion = 17.3.32804.467
MinimumVisualStudioVersion = 10.0.40219.1
Project("{FAE04EC0-301F-11D3-BF4B-00C04F79EFBC}") = "EXERCICIO_07", "EXERCICIO_07.csproj", "{A79E0E3E-A26B-4B6D-94DD-F8EEBA21DFBA}"
EndProject
Global
	GlobalSection(SolutionConfigurationPlatforms) = preSolution
		Debug|Any CPU = Debug|Any CPU
		Release|Any CPU = Release|Any CPU
	EndGlobalSection
	GlobalSection(ProjectConfigurationPlatforms) = postSolution
		{A79E0E3E-A26B-4B6D-94DD-F8EEBA21DFBA}.Debug|Any CPU.ActiveCfg = Debug|Any CPU
		{A79E0E3E-A26B-4B6D-94DD-F8EEBA21DFBA}.Debug|Any CPU.Build.0 = Debug|Any CPU
		{A79E0E3E-A26B-4B6D-94DD-F8EEBA21DFBA}.Release|Any CPU.ActiveCfg = Release|Any CPU
		{A79E0E3E-A26B-4B6D-94DD-F8EEBA21DFBA}.Release|Any CPU.Build.0 = Release|Any CPU
	EndGlobalSection
	GlobalSection(SolutionProperties) = preSolution
		HideSolutionNode = FALSE
	EndGlobalSection
	GlobalSection(ExtensibilityGlobals) = postSolution
		SolutionGuid = {EA9D2705-E199-4944-A712-0647594E26BE}
	EndGlobalSection
EndGlobal
