
Microsoft Visual Studio Solution File, Format Version 12.00
# Visual Studio Version 17
VisualStudioVersion = 17.4.33103.184
MinimumVisualStudioVersion = 10.0.40219.1
Project("{FAE04EC0-301F-11D3-BF4B-00C04F79EFBC}") = "EXERCICIO_06", "EXERCICIO_06.csproj", "{B003A21B-0466-4EBD-B2A9-3A8FB8AE8D7E}"
EndProject
Global
	GlobalSection(SolutionConfigurationPlatforms) = preSolution
		Debug|Any CPU = Debug|Any CPU
		Release|Any CPU = Release|Any CPU
	EndGlobalSection
	GlobalSection(ProjectConfigurationPlatforms) = postSolution
		{B003A21B-0466-4EBD-B2A9-3A8FB8AE8D7E}.Debug|Any CPU.ActiveCfg = Debug|Any CPU
		{B003A21B-0466-4EBD-B2A9-3A8FB8AE8D7E}.Debug|Any CPU.Build.0 = Debug|Any CPU
		{B003A21B-0466-4EBD-B2A9-3A8FB8AE8D7E}.Release|Any CPU.ActiveCfg = Release|Any CPU
		{B003A21B-0466-4EBD-B2A9-3A8FB8AE8D7E}.Release|Any CPU.Build.0 = Release|Any CPU
	EndGlobalSection
	GlobalSection(SolutionProperties) = preSolution
		HideSolutionNode = FALSE
	EndGlobalSection
	GlobalSection(ExtensibilityGlobals) = postSolution
		SolutionGuid = {CA9A8265-5D3C-4EBA-B8F9-24EC51902146}
	EndGlobalSection
EndGlobal
