
Microsoft Visual Studio Solution File, Format Version 12.00
# Visual Studio Version 17
VisualStudioVersion = 17.4.33103.184
MinimumVisualStudioVersion = 10.0.40219.1
Project("{FAE04EC0-301F-11D3-BF4B-00C04F79EFBC}") = "EXERCICIO_05", "EXERCICIO_05.csproj", "{66CB7E13-4B77-4C08-A6E7-6DE5CD575E93}"
EndProject
Global
	GlobalSection(SolutionConfigurationPlatforms) = preSolution
		Debug|Any CPU = Debug|Any CPU
		Release|Any CPU = Release|Any CPU
	EndGlobalSection
	GlobalSection(ProjectConfigurationPlatforms) = postSolution
		{66CB7E13-4B77-4C08-A6E7-6DE5CD575E93}.Debug|Any CPU.ActiveCfg = Debug|Any CPU
		{66CB7E13-4B77-4C08-A6E7-6DE5CD575E93}.Debug|Any CPU.Build.0 = Debug|Any CPU
		{66CB7E13-4B77-4C08-A6E7-6DE5CD575E93}.Release|Any CPU.ActiveCfg = Release|Any CPU
		{66CB7E13-4B77-4C08-A6E7-6DE5CD575E93}.Release|Any CPU.Build.0 = Release|Any CPU
	EndGlobalSection
	GlobalSection(SolutionProperties) = preSolution
		HideSolutionNode = FALSE
	EndGlobalSection
	GlobalSection(ExtensibilityGlobals) = postSolution
		SolutionGuid = {4AF43C9E-0E3D-4714-B522-111B41D85B80}
	EndGlobalSection
EndGlobal
