
Microsoft Visual Studio Solution File, Format Version 12.00
# Visual Studio Version 17
VisualStudioVersion = 17.3.32804.467
MinimumVisualStudioVersion = 10.0.40219.1
Project("{FAE04EC0-301F-11D3-BF4B-00C04F79EFBC}") = "EXERCICIO_03", "EXERCICIO_03.csproj", "{18C9C84D-027D-43EE-8CE9-5924F221B73A}"
EndProject
Global
	GlobalSection(SolutionConfigurationPlatforms) = preSolution
		Debug|Any CPU = Debug|Any CPU
		Release|Any CPU = Release|Any CPU
	EndGlobalSection
	GlobalSection(ProjectConfigurationPlatforms) = postSolution
		{18C9C84D-027D-43EE-8CE9-5924F221B73A}.Debug|Any CPU.ActiveCfg = Debug|Any CPU
		{18C9C84D-027D-43EE-8CE9-5924F221B73A}.Debug|Any CPU.Build.0 = Debug|Any CPU
		{18C9C84D-027D-43EE-8CE9-5924F221B73A}.Release|Any CPU.ActiveCfg = Release|Any CPU
		{18C9C84D-027D-43EE-8CE9-5924F221B73A}.Release|Any CPU.Build.0 = Release|Any CPU
	EndGlobalSection
	GlobalSection(SolutionProperties) = preSolution
		HideSolutionNode = FALSE
	EndGlobalSection
	GlobalSection(ExtensibilityGlobals) = postSolution
		SolutionGuid = {C981A389-40B0-443F-A51E-844D276E74B3}
	EndGlobalSection
EndGlobal
