
Microsoft Visual Studio Solution File, Format Version 12.00
# Visual Studio Version 17
VisualStudioVersion = 17.3.32804.467
MinimumVisualStudioVersion = 10.0.40219.1
Project("{FAE04EC0-301F-11D3-BF4B-00C04F79EFBC}") = "EXERCICIO_01", "EXERCICIO_01.csproj", "{291E8CE3-1D3F-4F15-AE70-20BFC86CAF23}"
EndProject
Global
	GlobalSection(SolutionConfigurationPlatforms) = preSolution
		Debug|Any CPU = Debug|Any CPU
		Release|Any CPU = Release|Any CPU
	EndGlobalSection
	GlobalSection(ProjectConfigurationPlatforms) = postSolution
		{291E8CE3-1D3F-4F15-AE70-20BFC86CAF23}.Debug|Any CPU.ActiveCfg = Debug|Any CPU
		{291E8CE3-1D3F-4F15-AE70-20BFC86CAF23}.Debug|Any CPU.Build.0 = Debug|Any CPU
		{291E8CE3-1D3F-4F15-AE70-20BFC86CAF23}.Release|Any CPU.ActiveCfg = Release|Any CPU
		{291E8CE3-1D3F-4F15-AE70-20BFC86CAF23}.Release|Any CPU.Build.0 = Release|Any CPU
	EndGlobalSection
	GlobalSection(SolutionProperties) = preSolution
		HideSolutionNode = FALSE
	EndGlobalSection
	GlobalSection(ExtensibilityGlobals) = postSolution
		SolutionGuid = {90B156C6-7A4B-44A3-804A-200FDC19216B}
	EndGlobalSection
EndGlobal
