
Microsoft Visual Studio Solution File, Format Version 12.00
# Visual Studio Version 17
VisualStudioVersion = 17.4.33103.184
MinimumVisualStudioVersion = 10.0.40219.1
Project("{FAE04EC0-301F-11D3-BF4B-00C04F79EFBC}") = "2022-2_EXERCICIO_01", "2022-2_EXERCICIO_01.csproj", "{8082313D-BCD6-4CF2-9067-3709EB79FFBD}"
EndProject
Global
	GlobalSection(SolutionConfigurationPlatforms) = preSolution
		Debug|Any CPU = Debug|Any CPU
		Release|Any CPU = Release|Any CPU
	EndGlobalSection
	GlobalSection(ProjectConfigurationPlatforms) = postSolution
		{8082313D-BCD6-4CF2-9067-3709EB79FFBD}.Debug|Any CPU.ActiveCfg = Debug|Any CPU
		{8082313D-BCD6-4CF2-9067-3709EB79FFBD}.Debug|Any CPU.Build.0 = Debug|Any CPU
		{8082313D-BCD6-4CF2-9067-3709EB79FFBD}.Release|Any CPU.ActiveCfg = Release|Any CPU
		{8082313D-BCD6-4CF2-9067-3709EB79FFBD}.Release|Any CPU.Build.0 = Release|Any CPU
	EndGlobalSection
	GlobalSection(SolutionProperties) = preSolution
		HideSolutionNode = FALSE
	EndGlobalSection
	GlobalSection(ExtensibilityGlobals) = postSolution
		SolutionGuid = {C85ED73D-F969-42AE-8137-AD41AA289881}
	EndGlobalSection
EndGlobal
