
Microsoft Visual Studio Solution File, Format Version 12.00
# Visual Studio Version 17
VisualStudioVersion = 17.3.32901.215
MinimumVisualStudioVersion = 10.0.40219.1
Project("{FAE04EC0-301F-11D3-BF4B-00C04F79EFBC}") = "5-5_EXERCICIO_6", "5-5_EXERCICIO_6.csproj", "{943FEB16-B16D-46D3-AC26-6AECF14FBA1E}"
EndProject
Global
	GlobalSection(SolutionConfigurationPlatforms) = preSolution
		Debug|Any CPU = Debug|Any CPU
		Release|Any CPU = Release|Any CPU
	EndGlobalSection
	GlobalSection(ProjectConfigurationPlatforms) = postSolution
		{943FEB16-B16D-46D3-AC26-6AECF14FBA1E}.Debug|Any CPU.ActiveCfg = Debug|Any CPU
		{943FEB16-B16D-46D3-AC26-6AECF14FBA1E}.Debug|Any CPU.Build.0 = Debug|Any CPU
		{943FEB16-B16D-46D3-AC26-6AECF14FBA1E}.Release|Any CPU.ActiveCfg = Release|Any CPU
		{943FEB16-B16D-46D3-AC26-6AECF14FBA1E}.Release|Any CPU.Build.0 = Release|Any CPU
	EndGlobalSection
	GlobalSection(SolutionProperties) = preSolution
		HideSolutionNode = FALSE
	EndGlobalSection
	GlobalSection(ExtensibilityGlobals) = postSolution
		SolutionGuid = {3ADEAB22-FFC5-4221-B11A-A96A4F3A7E88}
	EndGlobalSection
EndGlobal
