
Microsoft Visual Studio Solution File, Format Version 12.00
# Visual Studio Version 17
VisualStudioVersion = 17.4.33403.182
MinimumVisualStudioVersion = 10.0.40219.1
Project("{FAE04EC0-301F-11D3-BF4B-00C04F79EFBC}") = "EXERCICIO_05", "EXERCICIO_05.csproj", "{5DC45B3D-950E-4611-A922-237A8E3893C5}"
EndProject
Global
	GlobalSection(SolutionConfigurationPlatforms) = preSolution
		Debug|Any CPU = Debug|Any CPU
		Release|Any CPU = Release|Any CPU
	EndGlobalSection
	GlobalSection(ProjectConfigurationPlatforms) = postSolution
		{5DC45B3D-950E-4611-A922-237A8E3893C5}.Debug|Any CPU.ActiveCfg = Debug|Any CPU
		{5DC45B3D-950E-4611-A922-237A8E3893C5}.Debug|Any CPU.Build.0 = Debug|Any CPU
		{5DC45B3D-950E-4611-A922-237A8E3893C5}.Release|Any CPU.ActiveCfg = Release|Any CPU
		{5DC45B3D-950E-4611-A922-237A8E3893C5}.Release|Any CPU.Build.0 = Release|Any CPU
	EndGlobalSection
	GlobalSection(SolutionProperties) = preSolution
		HideSolutionNode = FALSE
	EndGlobalSection
	GlobalSection(ExtensibilityGlobals) = postSolution
		SolutionGuid = {2F9BE4E1-CFF0-43AB-84A2-4B7BF4F8676D}
	EndGlobalSection
EndGlobal
