
Microsoft Visual Studio Solution File, Format Version 12.00
# Visual Studio Version 17
VisualStudioVersion = 17.3.32901.215
MinimumVisualStudioVersion = 10.0.40219.1
Project("{FAE04EC0-301F-11D3-BF4B-00C04F79EFBC}") = "Algoritmo_Triplo_CSharp", "Algoritmo_Triplo_CSharp.csproj", "{D89782FF-EBE8-4A74-8A8E-04062A22E898}"
EndProject
Global
	GlobalSection(SolutionConfigurationPlatforms) = preSolution
		Debug|Any CPU = Debug|Any CPU
		Release|Any CPU = Release|Any CPU
	EndGlobalSection
	GlobalSection(ProjectConfigurationPlatforms) = postSolution
		{D89782FF-EBE8-4A74-8A8E-04062A22E898}.Debug|Any CPU.ActiveCfg = Debug|Any CPU
		{D89782FF-EBE8-4A74-8A8E-04062A22E898}.Debug|Any CPU.Build.0 = Debug|Any CPU
		{D89782FF-EBE8-4A74-8A8E-04062A22E898}.Release|Any CPU.ActiveCfg = Release|Any CPU
		{D89782FF-EBE8-4A74-8A8E-04062A22E898}.Release|Any CPU.Build.0 = Release|Any CPU
	EndGlobalSection
	GlobalSection(SolutionProperties) = preSolution
		HideSolutionNode = FALSE
	EndGlobalSection
	GlobalSection(ExtensibilityGlobals) = postSolution
		SolutionGuid = {90A82264-7EE2-4CF6-BB32-3AE7183EAAD2}
	EndGlobalSection
EndGlobal
