
Microsoft Visual Studio Solution File, Format Version 12.00
# Visual Studio Version 17
VisualStudioVersion = 17.4.33403.182
MinimumVisualStudioVersion = 10.0.40219.1
Project("{FAE04EC0-301F-11D3-BF4B-00C04F79EFBC}") = "Function_Cadastro_de_Valores_CSharp", "Function_Cadastro_de_Valores_CSharp.csproj", "{4F6E0D4D-2C4E-4554-A90D-DE82AFBAD811}"
EndProject
Global
	GlobalSection(SolutionConfigurationPlatforms) = preSolution
		Debug|Any CPU = Debug|Any CPU
		Release|Any CPU = Release|Any CPU
	EndGlobalSection
	GlobalSection(ProjectConfigurationPlatforms) = postSolution
		{4F6E0D4D-2C4E-4554-A90D-DE82AFBAD811}.Debug|Any CPU.ActiveCfg = Debug|Any CPU
		{4F6E0D4D-2C4E-4554-A90D-DE82AFBAD811}.Debug|Any CPU.Build.0 = Debug|Any CPU
		{4F6E0D4D-2C4E-4554-A90D-DE82AFBAD811}.Release|Any CPU.ActiveCfg = Release|Any CPU
		{4F6E0D4D-2C4E-4554-A90D-DE82AFBAD811}.Release|Any CPU.Build.0 = Release|Any CPU
	EndGlobalSection
	GlobalSection(SolutionProperties) = preSolution
		HideSolutionNode = FALSE
	EndGlobalSection
	GlobalSection(ExtensibilityGlobals) = postSolution
		SolutionGuid = {A0D93CE3-A8BD-441F-B169-FB544EFC6019}
	EndGlobalSection
EndGlobal
