
Microsoft Visual Studio Solution File, Format Version 12.00
# Visual Studio Version 17
VisualStudioVersion = 17.3.32804.467
MinimumVisualStudioVersion = 10.0.40219.1
Project("{FAE04EC0-301F-11D3-BF4B-00C04F79EFBC}") = "Calculadora_CSharp", "Calculadora_CSharp.csproj", "{4BE462B9-5009-4291-B0E1-3CC72F8E4BAD}"
EndProject
Global
	GlobalSection(SolutionConfigurationPlatforms) = preSolution
		Debug|Any CPU = Debug|Any CPU
		Release|Any CPU = Release|Any CPU
	EndGlobalSection
	GlobalSection(ProjectConfigurationPlatforms) = postSolution
		{4BE462B9-5009-4291-B0E1-3CC72F8E4BAD}.Debug|Any CPU.ActiveCfg = Debug|Any CPU
		{4BE462B9-5009-4291-B0E1-3CC72F8E4BAD}.Debug|Any CPU.Build.0 = Debug|Any CPU
		{4BE462B9-5009-4291-B0E1-3CC72F8E4BAD}.Release|Any CPU.ActiveCfg = Release|Any CPU
		{4BE462B9-5009-4291-B0E1-3CC72F8E4BAD}.Release|Any CPU.Build.0 = Release|Any CPU
	EndGlobalSection
	GlobalSection(SolutionProperties) = preSolution
		HideSolutionNode = FALSE
	EndGlobalSection
	GlobalSection(ExtensibilityGlobals) = postSolution
		SolutionGuid = {67CC2454-CD30-4C6F-BCBF-FED6EC6E1287}
	EndGlobalSection
EndGlobal
