
Microsoft Visual Studio Solution File, Format Version 12.00
# Visual Studio Version 17
VisualStudioVersion = 17.4.33403.182
MinimumVisualStudioVersion = 10.0.40219.1
Project("{FAE04EC0-301F-11D3-BF4B-00C04F79EFBC}") = "EXERCICIO_04", "EXERCICIO_04.csproj", "{49FF68B0-1253-45AF-829F-8FDAE12CE842}"
EndProject
Global
	GlobalSection(SolutionConfigurationPlatforms) = preSolution
		Debug|Any CPU = Debug|Any CPU
		Release|Any CPU = Release|Any CPU
	EndGlobalSection
	GlobalSection(ProjectConfigurationPlatforms) = postSolution
		{49FF68B0-1253-45AF-829F-8FDAE12CE842}.Debug|Any CPU.ActiveCfg = Debug|Any CPU
		{49FF68B0-1253-45AF-829F-8FDAE12CE842}.Debug|Any CPU.Build.0 = Debug|Any CPU
		{49FF68B0-1253-45AF-829F-8FDAE12CE842}.Release|Any CPU.ActiveCfg = Release|Any CPU
		{49FF68B0-1253-45AF-829F-8FDAE12CE842}.Release|Any CPU.Build.0 = Release|Any CPU
	EndGlobalSection
	GlobalSection(SolutionProperties) = preSolution
		HideSolutionNode = FALSE
	EndGlobalSection
	GlobalSection(ExtensibilityGlobals) = postSolution
		SolutionGuid = {F469250E-8C57-4202-8AA1-825DCD5A5BB2}
	EndGlobalSection
EndGlobal
