
Microsoft Visual Studio Solution File, Format Version 12.00
# Visual Studio Version 17
VisualStudioVersion = 17.3.32901.215
MinimumVisualStudioVersion = 10.0.40219.1
Project("{FAE04EC0-301F-11D3-BF4B-00C04F79EFBC}") = "5-5_EXERCICIO_3", "5-5_EXERCICIO_3.csproj", "{4B9AA5A3-C9AA-414C-8929-7023252691AF}"
EndProject
Global
	GlobalSection(SolutionConfigurationPlatforms) = preSolution
		Debug|Any CPU = Debug|Any CPU
		Release|Any CPU = Release|Any CPU
	EndGlobalSection
	GlobalSection(ProjectConfigurationPlatforms) = postSolution
		{4B9AA5A3-C9AA-414C-8929-7023252691AF}.Debug|Any CPU.ActiveCfg = Debug|Any CPU
		{4B9AA5A3-C9AA-414C-8929-7023252691AF}.Debug|Any CPU.Build.0 = Debug|Any CPU
		{4B9AA5A3-C9AA-414C-8929-7023252691AF}.Release|Any CPU.ActiveCfg = Release|Any CPU
		{4B9AA5A3-C9AA-414C-8929-7023252691AF}.Release|Any CPU.Build.0 = Release|Any CPU
	EndGlobalSection
	GlobalSection(SolutionProperties) = preSolution
		HideSolutionNode = FALSE
	EndGlobalSection
	GlobalSection(ExtensibilityGlobals) = postSolution
		SolutionGuid = {33C3FC21-13CA-497E-9D27-ACB1568612DE}
	EndGlobalSection
EndGlobal
