
Microsoft Visual Studio Solution File, Format Version 12.00
# Visual Studio Version 17
VisualStudioVersion = 17.4.33403.182
MinimumVisualStudioVersion = 10.0.40219.1
Project("{FAE04EC0-301F-11D3-BF4B-00C04F79EFBC}") = "Function_Notas_de_Alunos_CSharp", "Function_Notas_de_Alunos_CSharp.csproj", "{41AB4B2C-E5F9-41F2-9E10-CDA6795BCC73}"
EndProject
Global
	GlobalSection(SolutionConfigurationPlatforms) = preSolution
		Debug|Any CPU = Debug|Any CPU
		Release|Any CPU = Release|Any CPU
	EndGlobalSection
	GlobalSection(ProjectConfigurationPlatforms) = postSolution
		{41AB4B2C-E5F9-41F2-9E10-CDA6795BCC73}.Debug|Any CPU.ActiveCfg = Debug|Any CPU
		{41AB4B2C-E5F9-41F2-9E10-CDA6795BCC73}.Debug|Any CPU.Build.0 = Debug|Any CPU
		{41AB4B2C-E5F9-41F2-9E10-CDA6795BCC73}.Release|Any CPU.ActiveCfg = Release|Any CPU
		{41AB4B2C-E5F9-41F2-9E10-CDA6795BCC73}.Release|Any CPU.Build.0 = Release|Any CPU
	EndGlobalSection
	GlobalSection(SolutionProperties) = preSolution
		HideSolutionNode = FALSE
	EndGlobalSection
	GlobalSection(ExtensibilityGlobals) = postSolution
		SolutionGuid = {25DB341C-1147-4DE8-AC79-112EAFFC6F03}
	EndGlobalSection
EndGlobal
